
Microsoft Visual Studio Solution File, Format Version 12.00
# Visual Studio 15
VisualStudioVersion = 15.0.27130.2027
MinimumVisualStudioVersion = 10.0.40219.1
Project("{FAE04EC0-301F-11D3-BF4B-00C04F79EFBC}") = "UserProfileManager", "UserProfileManager\UserProfileManager.csproj", "{27E80019-DB45-4621-B4B2-611175F9C78B}"
EndProject
Project("{FAE04EC0-301F-11D3-BF4B-00C04F79EFBC}") = "UserProfileManager.Entity", "UserProfileManager.Entity\UserProfileManager.Entity.csproj", "{211E91A9-C0D1-4074-B0B6-077E208AB011}"
EndProject
Project("{FAE04EC0-301F-11D3-BF4B-00C04F79EFBC}") = "UserProfileManager.Data", "UserProfileManager.Data\UserProfileManager.Data.csproj", "{6DD96DB6-D160-4850-9981-A128FD61DA6A}"
EndProject
Global
	GlobalSection(SolutionConfigurationPlatforms) = preSolution
		Debug|Any CPU = Debug|Any CPU
		Release|Any CPU = Release|Any CPU
	EndGlobalSection
	GlobalSection(ProjectConfigurationPlatforms) = postSolution
		{27E80019-DB45-4621-B4B2-611175F9C78B}.Debug|Any CPU.ActiveCfg = Debug|Any CPU
		{27E80019-DB45-4621-B4B2-611175F9C78B}.Debug|Any CPU.Build.0 = Debug|Any CPU
		{27E80019-DB45-4621-B4B2-611175F9C78B}.Release|Any CPU.ActiveCfg = Release|Any CPU
		{27E80019-DB45-4621-B4B2-611175F9C78B}.Release|Any CPU.Build.0 = Release|Any CPU
		{211E91A9-C0D1-4074-B0B6-077E208AB011}.Debug|Any CPU.ActiveCfg = Debug|Any CPU
		{211E91A9-C0D1-4074-B0B6-077E208AB011}.Debug|Any CPU.Build.0 = Debug|Any CPU
		{211E91A9-C0D1-4074-B0B6-077E208AB011}.Release|Any CPU.ActiveCfg = Release|Any CPU
		{211E91A9-C0D1-4074-B0B6-077E208AB011}.Release|Any CPU.Build.0 = Release|Any CPU
		{6DD96DB6-D160-4850-9981-A128FD61DA6A}.Debug|Any CPU.ActiveCfg = Debug|Any CPU
		{6DD96DB6-D160-4850-9981-A128FD61DA6A}.Debug|Any CPU.Build.0 = Debug|Any CPU
		{6DD96DB6-D160-4850-9981-A128FD61DA6A}.Release|Any CPU.ActiveCfg = Release|Any CPU
		{6DD96DB6-D160-4850-9981-A128FD61DA6A}.Release|Any CPU.Build.0 = Release|Any CPU
	EndGlobalSection
	GlobalSection(SolutionProperties) = preSolution
		HideSolutionNode = FALSE
	EndGlobalSection
	GlobalSection(ExtensibilityGlobals) = postSolution
		SolutionGuid = {F24919CD-50C5-4B70-B634-61009A03B76D}
	EndGlobalSection
EndGlobal
